
Microsoft Visual Studio Solution File, Format Version 12.00
# Visual Studio 15
VisualStudioVersion = 15.0.27130.2020
MinimumVisualStudioVersion = 10.0.40219.1
Project("{FAE04EC0-301F-11D3-BF4B-00C04F79EFBC}") = "Homework 3", "Homework 3\Homework 3.csproj", "{2B1B05FB-2D03-454D-A3F8-6BB53C6273F8}"
EndProject
Project("{FAE04EC0-301F-11D3-BF4B-00C04F79EFBC}") = "Task 2", "Task 2\Task 2.csproj", "{FC8676EF-B39C-4F95-B8E8-06C116610D9C}"
EndProject
Project("{FAE04EC0-301F-11D3-BF4B-00C04F79EFBC}") = "Task 3", "Task 3\Task 3.csproj", "{DDAA5559-E37F-4870-8760-F90366039A47}"
EndProject
Global
	GlobalSection(SolutionConfigurationPlatforms) = preSolution
		Debug|Any CPU = Debug|Any CPU
		Release|Any CPU = Release|Any CPU
	EndGlobalSection
	GlobalSection(ProjectConfigurationPlatforms) = postSolution
		{2B1B05FB-2D03-454D-A3F8-6BB53C6273F8}.Debug|Any CPU.ActiveCfg = Debug|Any CPU
		{2B1B05FB-2D03-454D-A3F8-6BB53C6273F8}.Debug|Any CPU.Build.0 = Debug|Any CPU
		{2B1B05FB-2D03-454D-A3F8-6BB53C6273F8}.Release|Any CPU.ActiveCfg = Release|Any CPU
		{2B1B05FB-2D03-454D-A3F8-6BB53C6273F8}.Release|Any CPU.Build.0 = Release|Any CPU
		{FC8676EF-B39C-4F95-B8E8-06C116610D9C}.Debug|Any CPU.ActiveCfg = Debug|Any CPU
		{FC8676EF-B39C-4F95-B8E8-06C116610D9C}.Debug|Any CPU.Build.0 = Debug|Any CPU
		{FC8676EF-B39C-4F95-B8E8-06C116610D9C}.Release|Any CPU.ActiveCfg = Release|Any CPU
		{FC8676EF-B39C-4F95-B8E8-06C116610D9C}.Release|Any CPU.Build.0 = Release|Any CPU
		{DDAA5559-E37F-4870-8760-F90366039A47}.Debug|Any CPU.ActiveCfg = Debug|Any CPU
		{DDAA5559-E37F-4870-8760-F90366039A47}.Debug|Any CPU.Build.0 = Debug|Any CPU
		{DDAA5559-E37F-4870-8760-F90366039A47}.Release|Any CPU.ActiveCfg = Release|Any CPU
		{DDAA5559-E37F-4870-8760-F90366039A47}.Release|Any CPU.Build.0 = Release|Any CPU
	EndGlobalSection
	GlobalSection(SolutionProperties) = preSolution
		HideSolutionNode = FALSE
	EndGlobalSection
	GlobalSection(ExtensibilityGlobals) = postSolution
		SolutionGuid = {8EC1449E-FA50-46EC-AE33-F7B4522CFFE1}
	EndGlobalSection
EndGlobal
