
Microsoft Visual Studio Solution File, Format Version 12.00
# Visual Studio 15
VisualStudioVersion = 15.0.27130.2026
MinimumVisualStudioVersion = 10.0.40219.1
Project("{FAE04EC0-301F-11D3-BF4B-00C04F79EFBC}") = "Task1", "Task1\Task1.csproj", "{94EF554E-D5BE-4CC2-9557-486A84653DE5}"
EndProject
Project("{FAE04EC0-301F-11D3-BF4B-00C04F79EFBC}") = "Task2", "Task2\Task2.csproj", "{C202F07A-5690-44BF-B300-BED6C18FD7BF}"
EndProject
Project("{FAE04EC0-301F-11D3-BF4B-00C04F79EFBC}") = "Task3", "Task3\Task3.csproj", "{5828374E-8137-4374-8E17-DAF3AB9DB0D9}"
EndProject
Global
	GlobalSection(SolutionConfigurationPlatforms) = preSolution
		Debug|Any CPU = Debug|Any CPU
		Release|Any CPU = Release|Any CPU
	EndGlobalSection
	GlobalSection(ProjectConfigurationPlatforms) = postSolution
		{94EF554E-D5BE-4CC2-9557-486A84653DE5}.Debug|Any CPU.ActiveCfg = Debug|Any CPU
		{94EF554E-D5BE-4CC2-9557-486A84653DE5}.Debug|Any CPU.Build.0 = Debug|Any CPU
		{94EF554E-D5BE-4CC2-9557-486A84653DE5}.Release|Any CPU.ActiveCfg = Release|Any CPU
		{94EF554E-D5BE-4CC2-9557-486A84653DE5}.Release|Any CPU.Build.0 = Release|Any CPU
		{C202F07A-5690-44BF-B300-BED6C18FD7BF}.Debug|Any CPU.ActiveCfg = Debug|Any CPU
		{C202F07A-5690-44BF-B300-BED6C18FD7BF}.Debug|Any CPU.Build.0 = Debug|Any CPU
		{C202F07A-5690-44BF-B300-BED6C18FD7BF}.Release|Any CPU.ActiveCfg = Release|Any CPU
		{C202F07A-5690-44BF-B300-BED6C18FD7BF}.Release|Any CPU.Build.0 = Release|Any CPU
		{5828374E-8137-4374-8E17-DAF3AB9DB0D9}.Debug|Any CPU.ActiveCfg = Debug|Any CPU
		{5828374E-8137-4374-8E17-DAF3AB9DB0D9}.Debug|Any CPU.Build.0 = Debug|Any CPU
		{5828374E-8137-4374-8E17-DAF3AB9DB0D9}.Release|Any CPU.ActiveCfg = Release|Any CPU
		{5828374E-8137-4374-8E17-DAF3AB9DB0D9}.Release|Any CPU.Build.0 = Release|Any CPU
	EndGlobalSection
	GlobalSection(SolutionProperties) = preSolution
		HideSolutionNode = FALSE
	EndGlobalSection
	GlobalSection(ExtensibilityGlobals) = postSolution
		SolutionGuid = {4CDC9371-EDCC-4408-A0A9-7904AB753E91}
	EndGlobalSection
EndGlobal
